
Microsoft Visual Studio Solution File, Format Version 12.00
# Visual Studio 2013
VisualStudioVersion = 12.0.40629.0
MinimumVisualStudioVersion = 10.0.40219.1
Project("{FAE04EC0-301F-11D3-BF4B-00C04F79EFBC}") = "HelloWorld", "HelloWorld\HelloWorld.csproj", "{119D7370-9639-402A-B077-8C5D1782C290}"
EndProject
Project("{FAE04EC0-301F-11D3-BF4B-00C04F79EFBC}") = "HelloWorldTests", "HelloWorldTests\HelloWorldTests.csproj", "{BACFB401-4D99-40F4-A6E4-6F9668A65A7E}"
EndProject
Global
	GlobalSection(SolutionConfigurationPlatforms) = preSolution
		Debug|Any CPU = Debug|Any CPU
		Release|Any CPU = Release|Any CPU
	EndGlobalSection
	GlobalSection(ProjectConfigurationPlatforms) = postSolution
		{119D7370-9639-402A-B077-8C5D1782C290}.Debug|Any CPU.ActiveCfg = Debug|Any CPU
		{119D7370-9639-402A-B077-8C5D1782C290}.Debug|Any CPU.Build.0 = Debug|Any CPU
		{119D7370-9639-402A-B077-8C5D1782C290}.Release|Any CPU.ActiveCfg = Release|Any CPU
		{119D7370-9639-402A-B077-8C5D1782C290}.Release|Any CPU.Build.0 = Release|Any CPU
		{BACFB401-4D99-40F4-A6E4-6F9668A65A7E}.Debug|Any CPU.ActiveCfg = Debug|Any CPU
		{BACFB401-4D99-40F4-A6E4-6F9668A65A7E}.Debug|Any CPU.Build.0 = Debug|Any CPU
		{BACFB401-4D99-40F4-A6E4-6F9668A65A7E}.Release|Any CPU.ActiveCfg = Release|Any CPU
		{BACFB401-4D99-40F4-A6E4-6F9668A65A7E}.Release|Any CPU.Build.0 = Release|Any CPU
	EndGlobalSection
	GlobalSection(SolutionProperties) = preSolution
		HideSolutionNode = FALSE
	EndGlobalSection
EndGlobal
